
Microsoft Visual Studio Solution File, Format Version 12.00
# Visual Studio Version 17
VisualStudioVersion = 17.2.32602.215
MinimumVisualStudioVersion = 10.0.40219.1
Project("{FAE04EC0-301F-11D3-BF4B-00C04F79EFBC}") = "Vector_Example", "Vector_Example\Vector_Example.csproj", "{8030E19C-8C51-42E8-AE82-F1BA49E63B16}"
EndProject
Global
	GlobalSection(SolutionConfigurationPlatforms) = preSolution
		Debug|Any CPU = Debug|Any CPU
		Release|Any CPU = Release|Any CPU
	EndGlobalSection
	GlobalSection(ProjectConfigurationPlatforms) = postSolution
		{8030E19C-8C51-42E8-AE82-F1BA49E63B16}.Debug|Any CPU.ActiveCfg = Debug|Any CPU
		{8030E19C-8C51-42E8-AE82-F1BA49E63B16}.Debug|Any CPU.Build.0 = Debug|Any CPU
		{8030E19C-8C51-42E8-AE82-F1BA49E63B16}.Release|Any CPU.ActiveCfg = Release|Any CPU
		{8030E19C-8C51-42E8-AE82-F1BA49E63B16}.Release|Any CPU.Build.0 = Release|Any CPU
	EndGlobalSection
	GlobalSection(SolutionProperties) = preSolution
		HideSolutionNode = FALSE
	EndGlobalSection
	GlobalSection(ExtensibilityGlobals) = postSolution
		SolutionGuid = {2682C7AF-262D-4814-81B9-F27454FBB65A}
	EndGlobalSection
EndGlobal
